
Microsoft Visual Studio Solution File, Format Version 12.00
# Visual Studio Version 16
VisualStudioVersion = 16.0.30309.148
MinimumVisualStudioVersion = 10.0.40219.1
Project("{9A19103F-16F7-4668-BE54-9A1E7A4F7556}") = "PmsWebApp", "PmsWebApp\PmsWebApp.csproj", "{F895B86B-40FB-4EC8-9947-649DDE71C4B4}"
EndProject
Global
	GlobalSection(SolutionConfigurationPlatforms) = preSolution
		Debug|Any CPU = Debug|Any CPU
		Debug|x64 = Debug|x64
		Release|Any CPU = Release|Any CPU
		Release|x64 = Release|x64
	EndGlobalSection
	GlobalSection(ProjectConfigurationPlatforms) = postSolution
		{F895B86B-40FB-4EC8-9947-649DDE71C4B4}.Debug|Any CPU.ActiveCfg = Debug|Any CPU
		{F895B86B-40FB-4EC8-9947-649DDE71C4B4}.Debug|Any CPU.Build.0 = Debug|Any CPU
		{F895B86B-40FB-4EC8-9947-649DDE71C4B4}.Debug|x64.ActiveCfg = Debug|x64
		{F895B86B-40FB-4EC8-9947-649DDE71C4B4}.Debug|x64.Build.0 = Debug|x64
		{F895B86B-40FB-4EC8-9947-649DDE71C4B4}.Release|Any CPU.ActiveCfg = Release|Any CPU
		{F895B86B-40FB-4EC8-9947-649DDE71C4B4}.Release|Any CPU.Build.0 = Release|Any CPU
		{F895B86B-40FB-4EC8-9947-649DDE71C4B4}.Release|x64.ActiveCfg = Release|x64
		{F895B86B-40FB-4EC8-9947-649DDE71C4B4}.Release|x64.Build.0 = Release|x64
	EndGlobalSection
	GlobalSection(SolutionProperties) = preSolution
		HideSolutionNode = FALSE
	EndGlobalSection
	GlobalSection(ExtensibilityGlobals) = postSolution
		SolutionGuid = {789D1BA5-35B7-475A-993F-411EA02FE304}
	EndGlobalSection
EndGlobal
